
Microsoft Visual Studio Solution File, Format Version 12.00
# Visual Studio Version 17
VisualStudioVersion = 17.13.35507.96 d17.13
MinimumVisualStudioVersion = 10.0.40219.1
Project("{FAE04EC0-301F-11D3-BF4B-00C04F79EFBC}") = "ExpenseTrackerApp", "ExpenseTrackerApp.csproj", "{BBE686C6-2127-4860-9D55-67EB64376304}"
EndProject
Global
	GlobalSection(SolutionConfigurationPlatforms) = preSolution
		Debug|Any CPU = Debug|Any CPU
		Release|Any CPU = Release|Any CPU
	EndGlobalSection
	GlobalSection(ProjectConfigurationPlatforms) = postSolution
		{BBE686C6-2127-4860-9D55-67EB64376304}.Debug|Any CPU.ActiveCfg = Debug|Any CPU
		{BBE686C6-2127-4860-9D55-67EB64376304}.Debug|Any CPU.Build.0 = Debug|Any CPU
		{BBE686C6-2127-4860-9D55-67EB64376304}.Release|Any CPU.ActiveCfg = Release|Any CPU
		{BBE686C6-2127-4860-9D55-67EB64376304}.Release|Any CPU.Build.0 = Release|Any CPU
	EndGlobalSection
	GlobalSection(SolutionProperties) = preSolution
		HideSolutionNode = FALSE
	EndGlobalSection
	GlobalSection(ExtensibilityGlobals) = postSolution
		SolutionGuid = {3A349840-4935-4ED3-9D53-CD5EE7323BDC}
	EndGlobalSection
EndGlobal
